github.com/rwxrob/cmdtab v0.6.0 h1:N65EHJW7bgIaIU17ELx6fGWW06p8wJmNzQQmxImOHRs=
github.com/rwxrob/cmdtab v0.6.0/go.mod h1:TWGCTFAm9NlO9mR6aUB5dltAhcVK1FTiCzF7WLXwGgQ=
github.com/rwxrob/cmdtab v0.7.0 h1:S7d6PVgvOg45iyqxuyMtYS+PO7J9fyUwMqJWocKkVvY=
github.com/rwxrob/cmdtab v0.7.0/go.mod h1:TWGCTFAm9NlO9mR6aUB5dltAhcVK1FTiCzF7WLXwGgQ=
